
Microsoft Visual Studio Solution File, Format Version 12.00
# Visual Studio 2012
Project("{FAE04EC0-301F-11D3-BF4B-00C04F79EFBC}") = "Calendar", "ConsoleApplication1\Calendar.csproj", "{55EA6945-0E2E-4542-BDBC-47C788AF99EC}"
EndProject
Project("{FAE04EC0-301F-11D3-BF4B-00C04F79EFBC}") = "TestCalendar", "TestCalendar\TestCalendar.csproj", "{A2957104-5A5C-4E8C-AD35-F338F6EEF763}"
EndProject
Global
	GlobalSection(SolutionConfigurationPlatforms) = preSolution
		Debug|Any CPU = Debug|Any CPU
		Release|Any CPU = Release|Any CPU
	EndGlobalSection
	GlobalSection(ProjectConfigurationPlatforms) = postSolution
		{55EA6945-0E2E-4542-BDBC-47C788AF99EC}.Debug|Any CPU.ActiveCfg = Debug|Any CPU
		{55EA6945-0E2E-4542-BDBC-47C788AF99EC}.Debug|Any CPU.Build.0 = Debug|Any CPU
		{55EA6945-0E2E-4542-BDBC-47C788AF99EC}.Release|Any CPU.ActiveCfg = Release|Any CPU
		{55EA6945-0E2E-4542-BDBC-47C788AF99EC}.Release|Any CPU.Build.0 = Release|Any CPU
		{A2957104-5A5C-4E8C-AD35-F338F6EEF763}.Debug|Any CPU.ActiveCfg = Debug|Any CPU
		{A2957104-5A5C-4E8C-AD35-F338F6EEF763}.Debug|Any CPU.Build.0 = Debug|Any CPU
		{A2957104-5A5C-4E8C-AD35-F338F6EEF763}.Release|Any CPU.ActiveCfg = Release|Any CPU
		{A2957104-5A5C-4E8C-AD35-F338F6EEF763}.Release|Any CPU.Build.0 = Release|Any CPU
	EndGlobalSection
	GlobalSection(SolutionProperties) = preSolution
		HideSolutionNode = FALSE
	EndGlobalSection
EndGlobal
