
Microsoft Visual Studio Solution File, Format Version 12.00
# Visual Studio 2012
Project("{FAE04EC0-301F-11D3-BF4B-00C04F79EFBC}") = "01. School", "01. School\01. School.csproj", "{2610EAEC-703B-4855-A9C5-5F96A6F502DB}"
EndProject
Project("{FAE04EC0-301F-11D3-BF4B-00C04F79EFBC}") = "02. SchoolTests", "02. SchoolTests\02. SchoolTests.csproj", "{AF5B7382-CE18-4437-BD4B-85FAEE67E7C9}"
EndProject
Global
	GlobalSection(SolutionConfigurationPlatforms) = preSolution
		Debug|Any CPU = Debug|Any CPU
		Release|Any CPU = Release|Any CPU
	EndGlobalSection
	GlobalSection(ProjectConfigurationPlatforms) = postSolution
		{2610EAEC-703B-4855-A9C5-5F96A6F502DB}.Debug|Any CPU.ActiveCfg = Debug|Any CPU
		{2610EAEC-703B-4855-A9C5-5F96A6F502DB}.Debug|Any CPU.Build.0 = Debug|Any CPU
		{2610EAEC-703B-4855-A9C5-5F96A6F502DB}.Release|Any CPU.ActiveCfg = Release|Any CPU
		{2610EAEC-703B-4855-A9C5-5F96A6F502DB}.Release|Any CPU.Build.0 = Release|Any CPU
		{AF5B7382-CE18-4437-BD4B-85FAEE67E7C9}.Debug|Any CPU.ActiveCfg = Debug|Any CPU
		{AF5B7382-CE18-4437-BD4B-85FAEE67E7C9}.Debug|Any CPU.Build.0 = Debug|Any CPU
		{AF5B7382-CE18-4437-BD4B-85FAEE67E7C9}.Release|Any CPU.ActiveCfg = Release|Any CPU
		{AF5B7382-CE18-4437-BD4B-85FAEE67E7C9}.Release|Any CPU.Build.0 = Release|Any CPU
	EndGlobalSection
	GlobalSection(SolutionProperties) = preSolution
		HideSolutionNode = FALSE
	EndGlobalSection
EndGlobal
