
Microsoft Visual Studio Solution File, Format Version 12.00
# Visual Studio 2012
Project("{FAE04EC0-301F-11D3-BF4B-00C04F79EFBC}") = "01. Abstraction", "01. Abstraction\01. Abstraction.csproj", "{8A55B620-EA13-4E50-9A88-5A375D6E56F8}"
EndProject
Project("{FAE04EC0-301F-11D3-BF4B-00C04F79EFBC}") = "02. CohesionCoupling", "02. CohesionCoupling\02. CohesionCoupling.csproj", "{1BAEE635-59AA-47DE-884A-EFFB8F9DA7A4}"
EndProject
Project("{FAE04EC0-301F-11D3-BF4B-00C04F79EFBC}") = "03. InheritancePolymorphism", "03. InheritancePolymorphism\03. InheritancePolymorphism.csproj", "{93BB686F-030F-43C5-8123-EE0547D106C6}"
EndProject
Global
	GlobalSection(SolutionConfigurationPlatforms) = preSolution
		Debug|Any CPU = Debug|Any CPU
		Release|Any CPU = Release|Any CPU
	EndGlobalSection
	GlobalSection(ProjectConfigurationPlatforms) = postSolution
		{8A55B620-EA13-4E50-9A88-5A375D6E56F8}.Debug|Any CPU.ActiveCfg = Debug|Any CPU
		{8A55B620-EA13-4E50-9A88-5A375D6E56F8}.Debug|Any CPU.Build.0 = Debug|Any CPU
		{8A55B620-EA13-4E50-9A88-5A375D6E56F8}.Release|Any CPU.ActiveCfg = Release|Any CPU
		{8A55B620-EA13-4E50-9A88-5A375D6E56F8}.Release|Any CPU.Build.0 = Release|Any CPU
		{1BAEE635-59AA-47DE-884A-EFFB8F9DA7A4}.Debug|Any CPU.ActiveCfg = Debug|Any CPU
		{1BAEE635-59AA-47DE-884A-EFFB8F9DA7A4}.Debug|Any CPU.Build.0 = Debug|Any CPU
		{1BAEE635-59AA-47DE-884A-EFFB8F9DA7A4}.Release|Any CPU.ActiveCfg = Release|Any CPU
		{1BAEE635-59AA-47DE-884A-EFFB8F9DA7A4}.Release|Any CPU.Build.0 = Release|Any CPU
		{93BB686F-030F-43C5-8123-EE0547D106C6}.Debug|Any CPU.ActiveCfg = Debug|Any CPU
		{93BB686F-030F-43C5-8123-EE0547D106C6}.Debug|Any CPU.Build.0 = Debug|Any CPU
		{93BB686F-030F-43C5-8123-EE0547D106C6}.Release|Any CPU.ActiveCfg = Release|Any CPU
		{93BB686F-030F-43C5-8123-EE0547D106C6}.Release|Any CPU.Build.0 = Release|Any CPU
	EndGlobalSection
	GlobalSection(SolutionProperties) = preSolution
		HideSolutionNode = FALSE
	EndGlobalSection
EndGlobal
